
Microsoft Visual Studio Solution File, Format Version 12.00
# Visual Studio Version 16
VisualStudioVersion = 16.0.32413.511
MinimumVisualStudioVersion = 10.0.40219.1
Project("{FAE04EC0-301F-11D3-BF4B-00C04F79EFBC}") = "Diseño de aplicación", "Diseño de aplicación.csproj", "{312A56CC-EE03-4616-850C-F6D9D206409F}"
EndProject
Global
	GlobalSection(SolutionConfigurationPlatforms) = preSolution
		Debug|Any CPU = Debug|Any CPU
		Release|Any CPU = Release|Any CPU
	EndGlobalSection
	GlobalSection(ProjectConfigurationPlatforms) = postSolution
		{312A56CC-EE03-4616-850C-F6D9D206409F}.Debug|Any CPU.ActiveCfg = Debug|Any CPU
		{312A56CC-EE03-4616-850C-F6D9D206409F}.Debug|Any CPU.Build.0 = Debug|Any CPU
		{312A56CC-EE03-4616-850C-F6D9D206409F}.Release|Any CPU.ActiveCfg = Release|Any CPU
		{312A56CC-EE03-4616-850C-F6D9D206409F}.Release|Any CPU.Build.0 = Release|Any CPU
	EndGlobalSection
	GlobalSection(SolutionProperties) = preSolution
		HideSolutionNode = FALSE
	EndGlobalSection
	GlobalSection(ExtensibilityGlobals) = postSolution
		SolutionGuid = {0A86E89C-73C4-4ABF-9E93-492CD7DD196A}
	EndGlobalSection
EndGlobal
